github.com/xba/experiments v0.0.0-20191213222304-8ad7a74f3fad h1:D4zPjb73W9T9EJwRCGXsgopRdeCiOpYYZIyczNPxEFo=
github.com/xba/experiments/fib v0.0.0-20191213222304-8ad7a74f3fad h1:QgfwgspdmC7ER1VPYqduPrMO8TC02cKY5+gOIL/pp4g=
github.com/xba/experiments/fib v0.0.0-20191213222304-8ad7a74f3fad/go.mod h1:KBOC0hyKlkmp9+RIOyHRWTz7s6XzEJcVngGZM9xf7ZA=
