github.com/xba/experiments v0.0.0-20191216194007-cee3927da514 h1:ZxfOQq6VfFhnsARYJVT9E7u3LSmpUdsatDSIC6j7RcM=
github.com/xba/experiments/fib v0.0.0-20191216194007-cee3927da514 h1:J9mew+zaZj+gbxhH9w+Ai5qcSkdx9g2K8EDv61QdZjg=
github.com/xba/experiments/fib v0.0.0-20191216194007-cee3927da514/go.mod h1:KBOC0hyKlkmp9+RIOyHRWTz7s6XzEJcVngGZM9xf7ZA=
